
Microsoft Visual Studio Solution File, Format Version 12.00
# Visual Studio 15
VisualStudioVersion = 15.0.28307.421
MinimumVisualStudioVersion = 10.0.40219.1
Project("{FAE04EC0-301F-11D3-BF4B-00C04F79EFBC}") = "MVCparcial", "MVCparcial\MVCparcial.csproj", "{0402D3C6-6608-44A1-BE70-8D7811EB31E4}"
EndProject
Project("{FAE04EC0-301F-11D3-BF4B-00C04F79EFBC}") = "APIparcial", "APIparcial\APIparcial.csproj", "{89235008-26AC-48BB-BF1E-0CAEADF5F959}"
EndProject
Global
	GlobalSection(SolutionConfigurationPlatforms) = preSolution
		Debug|Any CPU = Debug|Any CPU
		Release|Any CPU = Release|Any CPU
	EndGlobalSection
	GlobalSection(ProjectConfigurationPlatforms) = postSolution
		{0402D3C6-6608-44A1-BE70-8D7811EB31E4}.Debug|Any CPU.ActiveCfg = Debug|Any CPU
		{0402D3C6-6608-44A1-BE70-8D7811EB31E4}.Debug|Any CPU.Build.0 = Debug|Any CPU
		{0402D3C6-6608-44A1-BE70-8D7811EB31E4}.Release|Any CPU.ActiveCfg = Release|Any CPU
		{0402D3C6-6608-44A1-BE70-8D7811EB31E4}.Release|Any CPU.Build.0 = Release|Any CPU
		{89235008-26AC-48BB-BF1E-0CAEADF5F959}.Debug|Any CPU.ActiveCfg = Debug|Any CPU
		{89235008-26AC-48BB-BF1E-0CAEADF5F959}.Debug|Any CPU.Build.0 = Debug|Any CPU
		{89235008-26AC-48BB-BF1E-0CAEADF5F959}.Release|Any CPU.ActiveCfg = Release|Any CPU
		{89235008-26AC-48BB-BF1E-0CAEADF5F959}.Release|Any CPU.Build.0 = Release|Any CPU
	EndGlobalSection
	GlobalSection(SolutionProperties) = preSolution
		HideSolutionNode = FALSE
	EndGlobalSection
	GlobalSection(ExtensibilityGlobals) = postSolution
		SolutionGuid = {6699137C-83B8-4333-A450-7A97C7D2C548}
	EndGlobalSection
EndGlobal
